// !$*UTF8*$!
{
	archiveVersion = 1;
	classes = {
	};
	objectVersion = 56;
	objects = {

/* Begin PBXBuildFile section */
		D068A3A22DC5B02A00901CFA /* AppDelegate.swift in Sources */ = {isa = PBXBuildFile; fileRef = D068A3A12DC5B02A00901CFA /* AppDelegate.swift */; };
		D068A3A42DC5B02A00901CFA /* SceneDelegate.swift in Sources */ = {isa = PBXBuildFile; fileRef = D068A3A32DC5B02A00901CFA /* SceneDelegate.swift */; };
		D068A3A62DC5B02A00901CFA /* ViewController.swift in Sources */ = {isa = PBXBuildFile; fileRef = D068A3A52DC5B02A00901CFA /* ViewController.swift */; };
		D068A3AB2DC5B02B00901CFA /* Assets.xcassets in Resources */ = {isa = PBXBuildFile; fileRef = D068A3AA2DC5B02B00901CFA /* Assets.xcassets */; };
		D068A3AE2DC5B02B00901CFA /* LaunchScreen.storyboard in Resources */ = {isa = PBXBuildFile; fileRef = D068A3AC2DC5B02B00901CFA /* LaunchScreen.storyboard */; };
		D068A3E32DC5B23F00901CFA /* Domain.framework in Frameworks */ = {isa = PBXBuildFile; fileRef = D068A3E22DC5B23F00901CFA /* Domain.framework */; };
		D068A3E42DC5B23F00901CFA /* Domain.framework in Embed Frameworks */ = {isa = PBXBuildFile; fileRef = D068A3E22DC5B23F00901CFA /* Domain.framework */; settings = {ATTRIBUTES = (CodeSignOnCopy, RemoveHeadersOnCopy, ); }; };
		D068A3E72DC5B24800901CFA /* Platform.framework in Frameworks */ = {isa = PBXBuildFile; fileRef = D068A3E62DC5B24800901CFA /* Platform.framework */; };
		D068A3E82DC5B24800901CFA /* Platform.framework in Embed Frameworks */ = {isa = PBXBuildFile; fileRef = D068A3E62DC5B24800901CFA /* Platform.framework */; settings = {ATTRIBUTES = (CodeSignOnCopy, RemoveHeadersOnCopy, ); }; };
		D068A3EE2DC5B64C00901CFA /* BaseNavigator.swift in Sources */ = {isa = PBXBuildFile; fileRef = D068A3ED2DC5B64C00901CFA /* BaseNavigator.swift */; };
		D068A3F02DC5BD4A00901CFA /* AppNavigator.swift in Sources */ = {isa = PBXBuildFile; fileRef = D068A3EF2DC5BD4A00901CFA /* AppNavigator.swift */; };
		D068A3F42DC5BDF600901CFA /* OnboardingView.swift in Sources */ = {isa = PBXBuildFile; fileRef = D068A3F32DC5BDF600901CFA /* OnboardingView.swift */; };
		D068A3F72DC5BE1600901CFA /* BaseViewController.swift in Sources */ = {isa = PBXBuildFile; fileRef = D068A3F62DC5BE1600901CFA /* BaseViewController.swift */; };
		D068A3F92DC5BE4300901CFA /* BaseHostingViewController.swift in Sources */ = {isa = PBXBuildFile; fileRef = D068A3F82DC5BE4300901CFA /* BaseHostingViewController.swift */; };
		D068A3FD2DC5C14500901CFA /* View+Extension.swift in Sources */ = {isa = PBXBuildFile; fileRef = D068A3FC2DC5C14500901CFA /* View+Extension.swift */; };
		D068A4002DC5C23500901CFA /* MainTabBarViewController.swift in Sources */ = {isa = PBXBuildFile; fileRef = D068A3FF2DC5C23500901CFA /* MainTabBarViewController.swift */; };
		D068A4032DC5C38E00901CFA /* HomeView.swift in Sources */ = {isa = PBXBuildFile; fileRef = D068A4022DC5C38E00901CFA /* HomeView.swift */; };
		D068A4052DC5C3A200901CFA /* HomeNavigator.swift in Sources */ = {isa = PBXBuildFile; fileRef = D068A4042DC5C3A200901CFA /* HomeNavigator.swift */; };
		D068A4072DC5C47C00901CFA /* HomeViewModel.swift in Sources */ = {isa = PBXBuildFile; fileRef = D068A4062DC5C47C00901CFA /* HomeViewModel.swift */; };
		D068A4092DC5C4A300901CFA /* BaseViewModel.swift in Sources */ = {isa = PBXBuildFile; fileRef = D068A4082DC5C4A300901CFA /* BaseViewModel.swift */; };
		D068A40C2DC5CB3500901CFA /* GenresManager.swift in Sources */ = {isa = PBXBuildFile; fileRef = D068A40B2DC5CB3500901CFA /* GenresManager.swift */; };
		D08B2DB42DC659D300490206 /* Alamofire in Frameworks */ = {isa = PBXBuildFile; productRef = D08B2DB32DC659D300490206 /* Alamofire */; };
		D08B2DD92DC873F200490206 /* ViewDidLoadModifier.swift in Sources */ = {isa = PBXBuildFile; fileRef = D08B2DD82DC873F200490206 /* ViewDidLoadModifier.swift */; };
		D08B2DE32DC8B4E300490206 /* Application.swift in Sources */ = {isa = PBXBuildFile; fileRef = D08B2DE22DC8B4E300490206 /* Application.swift */; };
/* End PBXBuildFile section */

/* Begin PBXCopyFilesBuildPhase section */
		D068A3E52DC5B23F00901CFA /* Embed Frameworks */ = {
			isa = PBXCopyFilesBuildPhase;
			buildActionMask = 2147483647;
			dstPath = "";
			dstSubfolderSpec = 10;
			files = (
				D068A3E42DC5B23F00901CFA /* Domain.framework in Embed Frameworks */,
				D068A3E82DC5B24800901CFA /* Platform.framework in Embed Frameworks */,
			);
			name = "Embed Frameworks";
			runOnlyForDeploymentPostprocessing = 0;
		};
/* End PBXCopyFilesBuildPhase section */

/* Begin PBXFileReference section */
		D068A39E2DC5B02A00901CFA /* ChillMovie.app */ = {isa = PBXFileReference; explicitFileType = wrapper.application; includeInIndex = 0; path = ChillMovie.app; sourceTree = BUILT_PRODUCTS_DIR; };
		D068A3A12DC5B02A00901CFA /* AppDelegate.swift */ = {isa = PBXFileReference; lastKnownFileType = sourcecode.swift; path = AppDelegate.swift; sourceTree = "<group>"; };
		D068A3A32DC5B02A00901CFA /* SceneDelegate.swift */ = {isa = PBXFileReference; lastKnownFileType = sourcecode.swift; path = SceneDelegate.swift; sourceTree = "<group>"; };
		D068A3A52DC5B02A00901CFA /* ViewController.swift */ = {isa = PBXFileReference; lastKnownFileType = sourcecode.swift; path = ViewController.swift; sourceTree = "<group>"; };
		D068A3AA2DC5B02B00901CFA /* Assets.xcassets */ = {isa = PBXFileReference; lastKnownFileType = folder.assetcatalog; path = Assets.xcassets; sourceTree = "<group>"; };
		D068A3AD2DC5B02B00901CFA /* Base */ = {isa = PBXFileReference; lastKnownFileType = file.storyboard; name = Base; path = Base.lproj/LaunchScreen.storyboard; sourceTree = "<group>"; };
		D068A3AF2DC5B02B00901CFA /* Info.plist */ = {isa = PBXFileReference; lastKnownFileType = text.plist.xml; path = Info.plist; sourceTree = "<group>"; };
		D068A3E22DC5B23F00901CFA /* Domain.framework */ = {isa = PBXFileReference; explicitFileType = wrapper.framework; path = Domain.framework; sourceTree = BUILT_PRODUCTS_DIR; };
		D068A3E62DC5B24800901CFA /* Platform.framework */ = {isa = PBXFileReference; explicitFileType = wrapper.framework; path = Platform.framework; sourceTree = BUILT_PRODUCTS_DIR; };
		D068A3ED2DC5B64C00901CFA /* BaseNavigator.swift */ = {isa = PBXFileReference; lastKnownFileType = sourcecode.swift; path = BaseNavigator.swift; sourceTree = "<group>"; };
		D068A3EF2DC5BD4A00901CFA /* AppNavigator.swift */ = {isa = PBXFileReference; lastKnownFileType = sourcecode.swift; path = AppNavigator.swift; sourceTree = "<group>"; };
		D068A3F32DC5BDF600901CFA /* OnboardingView.swift */ = {isa = PBXFileReference; lastKnownFileType = sourcecode.swift; path = OnboardingView.swift; sourceTree = "<group>"; };
		D068A3F62DC5BE1600901CFA /* BaseViewController.swift */ = {isa = PBXFileReference; lastKnownFileType = sourcecode.swift; path = BaseViewController.swift; sourceTree = "<group>"; };
		D068A3F82DC5BE4300901CFA /* BaseHostingViewController.swift */ = {isa = PBXFileReference; lastKnownFileType = sourcecode.swift; path = BaseHostingViewController.swift; sourceTree = "<group>"; };
		D068A3FC2DC5C14500901CFA /* View+Extension.swift */ = {isa = PBXFileReference; lastKnownFileType = sourcecode.swift; path = "View+Extension.swift"; sourceTree = "<group>"; };
		D068A3FF2DC5C23500901CFA /* MainTabBarViewController.swift */ = {isa = PBXFileReference; lastKnownFileType = sourcecode.swift; path = MainTabBarViewController.swift; sourceTree = "<group>"; };
		D068A4022DC5C38E00901CFA /* HomeView.swift */ = {isa = PBXFileReference; lastKnownFileType = sourcecode.swift; path = HomeView.swift; sourceTree = "<group>"; };
		D068A4042DC5C3A200901CFA /* HomeNavigator.swift */ = {isa = PBXFileReference; lastKnownFileType = sourcecode.swift; path = HomeNavigator.swift; sourceTree = "<group>"; };
		D068A4062DC5C47C00901CFA /* HomeViewModel.swift */ = {isa = PBXFileReference; lastKnownFileType = sourcecode.swift; path = HomeViewModel.swift; sourceTree = "<group>"; };
		D068A4082DC5C4A300901CFA /* BaseViewModel.swift */ = {isa = PBXFileReference; lastKnownFileType = sourcecode.swift; path = BaseViewModel.swift; sourceTree = "<group>"; };
		D068A40B2DC5CB3500901CFA /* GenresManager.swift */ = {isa = PBXFileReference; lastKnownFileType = sourcecode.swift; path = GenresManager.swift; sourceTree = "<group>"; };
		D08B2DD82DC873F200490206 /* ViewDidLoadModifier.swift */ = {isa = PBXFileReference; lastKnownFileType = sourcecode.swift; path = ViewDidLoadModifier.swift; sourceTree = "<group>"; };
		D08B2DE22DC8B4E300490206 /* Application.swift */ = {isa = PBXFileReference; lastKnownFileType = sourcecode.swift; path = Application.swift; sourceTree = "<group>"; };
/* End PBXFileReference section */

/* Begin PBXFrameworksBuildPhase section */
		D068A39B2DC5B02A00901CFA /* Frameworks */ = {
			isa = PBXFrameworksBuildPhase;
			buildActionMask = 2147483647;
			files = (
				D08B2DB42DC659D300490206 /* Alamofire in Frameworks */,
				D068A3E32DC5B23F00901CFA /* Domain.framework in Frameworks */,
				D068A3E72DC5B24800901CFA /* Platform.framework in Frameworks */,
			);
			runOnlyForDeploymentPostprocessing = 0;
		};
/* End PBXFrameworksBuildPhase section */

/* Begin PBXGroup section */
		D068A3952DC5B02A00901CFA = {
			isa = PBXGroup;
			children = (
				D068A3A02DC5B02A00901CFA /* ChillMovie */,
				D068A39F2DC5B02A00901CFA /* Products */,
				D068A3E12DC5B23F00901CFA /* Frameworks */,
			);
			sourceTree = "<group>";
		};
		D068A39F2DC5B02A00901CFA /* Products */ = {
			isa = PBXGroup;
			children = (
				D068A39E2DC5B02A00901CFA /* ChillMovie.app */,
			);
			name = Products;
			sourceTree = "<group>";
		};
		D068A3A02DC5B02A00901CFA /* ChillMovie */ = {
			isa = PBXGroup;
			children = (
				D068A3FA2DC5C12800901CFA /* Utilities */,
				D068A3F12DC5BDD800901CFA /* Presentation */,
				D068A3EC2DC5B61F00901CFA /* Base */,
				D068A3E92DC5B58900901CFA /* App */,
				D068A3A52DC5B02A00901CFA /* ViewController.swift */,
				D068A3AA2DC5B02B00901CFA /* Assets.xcassets */,
				D068A3AC2DC5B02B00901CFA /* LaunchScreen.storyboard */,
				D068A3AF2DC5B02B00901CFA /* Info.plist */,
			);
			path = ChillMovie;
			sourceTree = "<group>";
		};
		D068A3E12DC5B23F00901CFA /* Frameworks */ = {
			isa = PBXGroup;
			children = (
				D068A3E62DC5B24800901CFA /* Platform.framework */,
				D068A3E22DC5B23F00901CFA /* Domain.framework */,
			);
			name = Frameworks;
			sourceTree = "<group>";
		};
		D068A3E92DC5B58900901CFA /* App */ = {
			isa = PBXGroup;
			children = (
				D068A40A2DC5CB1900901CFA /* Enviroment */,
				D068A3EB2DC5B59E00901CFA /* Application */,
				D068A3EA2DC5B58F00901CFA /* Delegate */,
			);
			path = App;
			sourceTree = "<group>";
		};
		D068A3EA2DC5B58F00901CFA /* Delegate */ = {
			isa = PBXGroup;
			children = (
				D068A3A12DC5B02A00901CFA /* AppDelegate.swift */,
				D068A3A32DC5B02A00901CFA /* SceneDelegate.swift */,
			);
			path = Delegate;
			sourceTree = "<group>";
		};
		D068A3EB2DC5B59E00901CFA /* Application */ = {
			isa = PBXGroup;
			children = (
				D068A3EF2DC5BD4A00901CFA /* AppNavigator.swift */,
				D08B2DE22DC8B4E300490206 /* Application.swift */,
			);
			path = Application;
			sourceTree = "<group>";
		};
		D068A3EC2DC5B61F00901CFA /* Base */ = {
			isa = PBXGroup;
			children = (
				D068A3ED2DC5B64C00901CFA /* BaseNavigator.swift */,
				D068A4082DC5C4A300901CFA /* BaseViewModel.swift */,
				D068A3F82DC5BE4300901CFA /* BaseHostingViewController.swift */,
				D068A3F62DC5BE1600901CFA /* BaseViewController.swift */,
			);
			path = Base;
			sourceTree = "<group>";
		};
		D068A3F12DC5BDD800901CFA /* Presentation */ = {
			isa = PBXGroup;
			children = (
				D08B2DD72DC873D500490206 /* ViewModifier */,
				D068A3F22DC5BDE500901CFA /* Screen */,
			);
			path = Presentation;
			sourceTree = "<group>";
		};
		D068A3F22DC5BDE500901CFA /* Screen */ = {
			isa = PBXGroup;
			children = (
				D068A4012DC5C37F00901CFA /* Home */,
				D068A3FE2DC5C22300901CFA /* TabBar */,
				D068A3F52DC5BDFA00901CFA /* Onboarding */,
			);
			path = Screen;
			sourceTree = "<group>";
		};
		D068A3F52DC5BDFA00901CFA /* Onboarding */ = {
			isa = PBXGroup;
			children = (
				D068A3F32DC5BDF600901CFA /* OnboardingView.swift */,
			);
			path = Onboarding;
			sourceTree = "<group>";
		};
		D068A3FA2DC5C12800901CFA /* Utilities */ = {
			isa = PBXGroup;
			children = (
				D068A3FB2DC5C12F00901CFA /* Extension */,
			);
			path = Utilities;
			sourceTree = "<group>";
		};
		D068A3FB2DC5C12F00901CFA /* Extension */ = {
			isa = PBXGroup;
			children = (
				D068A3FC2DC5C14500901CFA /* View+Extension.swift */,
			);
			path = Extension;
			sourceTree = "<group>";
		};
		D068A3FE2DC5C22300901CFA /* TabBar */ = {
			isa = PBXGroup;
			children = (
				D068A3FF2DC5C23500901CFA /* MainTabBarViewController.swift */,
			);
			path = TabBar;
			sourceTree = "<group>";
		};
		D068A4012DC5C37F00901CFA /* Home */ = {
			isa = PBXGroup;
			children = (
				D068A4022DC5C38E00901CFA /* HomeView.swift */,
				D068A4042DC5C3A200901CFA /* HomeNavigator.swift */,
				D068A4062DC5C47C00901CFA /* HomeViewModel.swift */,
			);
			path = Home;
			sourceTree = "<group>";
		};
		D068A40A2DC5CB1900901CFA /* Enviroment */ = {
			isa = PBXGroup;
			children = (
				D068A40B2DC5CB3500901CFA /* GenresManager.swift */,
			);
			path = Enviroment;
			sourceTree = "<group>";
		};
		D08B2DD72DC873D500490206 /* ViewModifier */ = {
			isa = PBXGroup;
			children = (
				D08B2DD82DC873F200490206 /* ViewDidLoadModifier.swift */,
			);
			path = ViewModifier;
			sourceTree = "<group>";
		};
/* End PBXGroup section */

/* Begin PBXNativeTarget section */
		D068A39D2DC5B02A00901CFA /* ChillMovie */ = {
			isa = PBXNativeTarget;
			buildConfigurationList = D068A3B22DC5B02B00901CFA /* Build configuration list for PBXNativeTarget "ChillMovie" */;
			buildPhases = (
				D068A39A2DC5B02A00901CFA /* Sources */,
				D068A39B2DC5B02A00901CFA /* Frameworks */,
				D068A39C2DC5B02A00901CFA /* Resources */,
				D068A3E52DC5B23F00901CFA /* Embed Frameworks */,
			);
			buildRules = (
			);
			dependencies = (
			);
			name = ChillMovie;
			packageProductDependencies = (
				D08B2DB32DC659D300490206 /* Alamofire */,
			);
			productName = ChillMovie;
			productReference = D068A39E2DC5B02A00901CFA /* ChillMovie.app */;
			productType = "com.apple.product-type.application";
		};
/* End PBXNativeTarget section */

/* Begin PBXProject section */
		D068A3962DC5B02A00901CFA /* Project object */ = {
			isa = PBXProject;
			attributes = {
				BuildIndependentTargetsInParallel = 1;
				LastSwiftUpdateCheck = 1520;
				LastUpgradeCheck = 1520;
				TargetAttributes = {
					D068A39D2DC5B02A00901CFA = {
						CreatedOnToolsVersion = 15.2;
					};
				};
			};
			buildConfigurationList = D068A3992DC5B02A00901CFA /* Build configuration list for PBXProject "ChillMovie" */;
			compatibilityVersion = "Xcode 14.0";
			developmentRegion = en;
			hasScannedForEncodings = 0;
			knownRegions = (
				en,
				Base,
			);
			mainGroup = D068A3952DC5B02A00901CFA;
			packageReferences = (
				D08B2DB22DC659D300490206 /* XCRemoteSwiftPackageReference "Alamofire" */,
			);
			productRefGroup = D068A39F2DC5B02A00901CFA /* Products */;
			projectDirPath = "";
			projectRoot = "";
			targets = (
				D068A39D2DC5B02A00901CFA /* ChillMovie */,
			);
		};
/* End PBXProject section */

/* Begin PBXResourcesBuildPhase section */
		D068A39C2DC5B02A00901CFA /* Resources */ = {
			isa = PBXResourcesBuildPhase;
			buildActionMask = 2147483647;
			files = (
				D068A3AE2DC5B02B00901CFA /* LaunchScreen.storyboard in Resources */,
				D068A3AB2DC5B02B00901CFA /* Assets.xcassets in Resources */,
			);
			runOnlyForDeploymentPostprocessing = 0;
		};
/* End PBXResourcesBuildPhase section */

/* Begin PBXSourcesBuildPhase section */
		D068A39A2DC5B02A00901CFA /* Sources */ = {
			isa = PBXSourcesBuildPhase;
			buildActionMask = 2147483647;
			files = (
				D068A3F92DC5BE4300901CFA /* BaseHostingViewController.swift in Sources */,
				D068A3EE2DC5B64C00901CFA /* BaseNavigator.swift in Sources */,
				D08B2DE32DC8B4E300490206 /* Application.swift in Sources */,
				D068A3A62DC5B02A00901CFA /* ViewController.swift in Sources */,
				D068A4092DC5C4A300901CFA /* BaseViewModel.swift in Sources */,
				D068A4072DC5C47C00901CFA /* HomeViewModel.swift in Sources */,
				D068A40C2DC5CB3500901CFA /* GenresManager.swift in Sources */,
				D068A3A22DC5B02A00901CFA /* AppDelegate.swift in Sources */,
				D068A3F42DC5BDF600901CFA /* OnboardingView.swift in Sources */,
				D068A4032DC5C38E00901CFA /* HomeView.swift in Sources */,
				D068A4002DC5C23500901CFA /* MainTabBarViewController.swift in Sources */,
				D068A3F02DC5BD4A00901CFA /* AppNavigator.swift in Sources */,
				D068A3F72DC5BE1600901CFA /* BaseViewController.swift in Sources */,
				D068A3FD2DC5C14500901CFA /* View+Extension.swift in Sources */,
				D068A4052DC5C3A200901CFA /* HomeNavigator.swift in Sources */,
				D068A3A42DC5B02A00901CFA /* SceneDelegate.swift in Sources */,
				D08B2DD92DC873F200490206 /* ViewDidLoadModifier.swift in Sources */,
			);
			runOnlyForDeploymentPostprocessing = 0;
		};
/* End PBXSourcesBuildPhase section */

/* Begin PBXVariantGroup section */
		D068A3AC2DC5B02B00901CFA /* LaunchScreen.storyboard */ = {
			isa = PBXVariantGroup;
			children = (
				D068A3AD2DC5B02B00901CFA /* Base */,
			);
			name = LaunchScreen.storyboard;
			sourceTree = "<group>";
		};
/* End PBXVariantGroup section */

/* Begin XCBuildConfiguration section */
		D068A3B02DC5B02B00901CFA /* Debug */ = {
			isa = XCBuildConfiguration;
			buildSettings = {
				ALWAYS_SEARCH_USER_PATHS = NO;
				ASSETCATALOG_COMPILER_GENERATE_SWIFT_ASSET_SYMBOL_EXTENSIONS = YES;
				CLANG_ANALYZER_NONNULL = YES;
				CLANG_ANALYZER_NUMBER_OBJECT_CONVERSION = YES_AGGRESSIVE;
				CLANG_CXX_LANGUAGE_STANDARD = "gnu++20";
				CLANG_ENABLE_MODULES = YES;
				CLANG_ENABLE_OBJC_ARC = YES;
				CLANG_ENABLE_OBJC_WEAK = YES;
				CLANG_WARN_BLOCK_CAPTURE_AUTORELEASING = YES;
				CLANG_WARN_BOOL_CONVERSION = YES;
				CLANG_WARN_COMMA = YES;
				CLANG_WARN_CONSTANT_CONVERSION = YES;
				CLANG_WARN_DEPRECATED_OBJC_IMPLEMENTATIONS = YES;
				CLANG_WARN_DIRECT_OBJC_ISA_USAGE = YES_ERROR;
				CLANG_WARN_DOCUMENTATION_COMMENTS = YES;
				CLANG_WARN_EMPTY_BODY = YES;
				CLANG_WARN_ENUM_CONVERSION = YES;
				CLANG_WARN_INFINITE_RECURSION = YES;
				CLANG_WARN_INT_CONVERSION = YES;
				CLANG_WARN_NON_LITERAL_NULL_CONVERSION = YES;
				CLANG_WARN_OBJC_IMPLICIT_RETAIN_SELF = YES;
				CLANG_WARN_OBJC_LITERAL_CONVERSION = YES;
				CLANG_WARN_OBJC_ROOT_CLASS = YES_ERROR;
				CLANG_WARN_QUOTED_INCLUDE_IN_FRAMEWORK_HEADER = YES;
				CLANG_WARN_RANGE_LOOP_ANALYSIS = YES;
				CLANG_WARN_STRICT_PROTOTYPES = YES;
				CLANG_WARN_SUSPICIOUS_MOVE = YES;
				CLANG_WARN_UNGUARDED_AVAILABILITY = YES_AGGRESSIVE;
				CLANG_WARN_UNREACHABLE_CODE = YES;
				CLANG_WARN__DUPLICATE_METHOD_MATCH = YES;
				COPY_PHASE_STRIP = NO;
				DEBUG_INFORMATION_FORMAT = dwarf;
				ENABLE_STRICT_OBJC_MSGSEND = YES;
				ENABLE_TESTABILITY = YES;
				ENABLE_USER_SCRIPT_SANDBOXING = YES;
				GCC_C_LANGUAGE_STANDARD = gnu17;
				GCC_DYNAMIC_NO_PIC = NO;
				GCC_NO_COMMON_BLOCKS = YES;
				GCC_OPTIMIZATION_LEVEL = 0;
				GCC_PREPROCESSOR_DEFINITIONS = (
					"DEBUG=1",
					"$(inherited)",
				);
				GCC_WARN_64_TO_32_BIT_CONVERSION = YES;
				GCC_WARN_ABOUT_RETURN_TYPE = YES_ERROR;
				GCC_WARN_UNDECLARED_SELECTOR = YES;
				GCC_WARN_UNINITIALIZED_AUTOS = YES_AGGRESSIVE;
				GCC_WARN_UNUSED_FUNCTION = YES;
				GCC_WARN_UNUSED_VARIABLE = YES;
				IPHONEOS_DEPLOYMENT_TARGET = 17.2;
				LOCALIZATION_PREFERS_STRING_CATALOGS = YES;
				MTL_ENABLE_DEBUG_INFO = INCLUDE_SOURCE;
				MTL_FAST_MATH = YES;
				ONLY_ACTIVE_ARCH = YES;
				SDKROOT = iphoneos;
				SWIFT_ACTIVE_COMPILATION_CONDITIONS = "DEBUG $(inherited)";
				SWIFT_OPTIMIZATION_LEVEL = "-Onone";
			};
			name = Debug;
		};
		D068A3B12DC5B02B00901CFA /* Release */ = {
			isa = XCBuildConfiguration;
			buildSettings = {
				ALWAYS_SEARCH_USER_PATHS = NO;
				ASSETCATALOG_COMPILER_GENERATE_SWIFT_ASSET_SYMBOL_EXTENSIONS = YES;
				CLANG_ANALYZER_NONNULL = YES;
				CLANG_ANALYZER_NUMBER_OBJECT_CONVERSION = YES_AGGRESSIVE;
				CLANG_CXX_LANGUAGE_STANDARD = "gnu++20";
				CLANG_ENABLE_MODULES = YES;
				CLANG_ENABLE_OBJC_ARC = YES;
				CLANG_ENABLE_OBJC_WEAK = YES;
				CLANG_WARN_BLOCK_CAPTURE_AUTORELEASING = YES;
				CLANG_WARN_BOOL_CONVERSION = YES;
				CLANG_WARN_COMMA = YES;
				CLANG_WARN_CONSTANT_CONVERSION = YES;
				CLANG_WARN_DEPRECATED_OBJC_IMPLEMENTATIONS = YES;
				CLANG_WARN_DIRECT_OBJC_ISA_USAGE = YES_ERROR;
				CLANG_WARN_DOCUMENTATION_COMMENTS = YES;
				CLANG_WARN_EMPTY_BODY = YES;
				CLANG_WARN_ENUM_CONVERSION = YES;
				CLANG_WARN_INFINITE_RECURSION = YES;
				CLANG_WARN_INT_CONVERSION = YES;
				CLANG_WARN_NON_LITERAL_NULL_CONVERSION = YES;
				CLANG_WARN_OBJC_IMPLICIT_RETAIN_SELF = YES;
				CLANG_WARN_OBJC_LITERAL_CONVERSION = YES;
				CLANG_WARN_OBJC_ROOT_CLASS = YES_ERROR;
				CLANG_WARN_QUOTED_INCLUDE_IN_FRAMEWORK_HEADER = YES;
				CLANG_WARN_RANGE_LOOP_ANALYSIS = YES;
				CLANG_WARN_STRICT_PROTOTYPES = YES;
				CLANG_WARN_SUSPICIOUS_MOVE = YES;
				CLANG_WARN_UNGUARDED_AVAILABILITY = YES_AGGRESSIVE;
				CLANG_WARN_UNREACHABLE_CODE = YES;
				CLANG_WARN__DUPLICATE_METHOD_MATCH = YES;
				COPY_PHASE_STRIP = NO;
				DEBUG_INFORMATION_FORMAT = "dwarf-with-dsym";
				ENABLE_NS_ASSERTIONS = NO;
				ENABLE_STRICT_OBJC_MSGSEND = YES;
				ENABLE_USER_SCRIPT_SANDBOXING = YES;
				GCC_C_LANGUAGE_STANDARD = gnu17;
				GCC_NO_COMMON_BLOCKS = YES;
				GCC_WARN_64_TO_32_BIT_CONVERSION = YES;
				GCC_WARN_ABOUT_RETURN_TYPE = YES_ERROR;
				GCC_WARN_UNDECLARED_SELECTOR = YES;
				GCC_WARN_UNINITIALIZED_AUTOS = YES_AGGRESSIVE;
				GCC_WARN_UNUSED_FUNCTION = YES;
				GCC_WARN_UNUSED_VARIABLE = YES;
				IPHONEOS_DEPLOYMENT_TARGET = 17.2;
				LOCALIZATION_PREFERS_STRING_CATALOGS = YES;
				MTL_ENABLE_DEBUG_INFO = NO;
				MTL_FAST_MATH = YES;
				SDKROOT = iphoneos;
				SWIFT_COMPILATION_MODE = wholemodule;
				VALIDATE_PRODUCT = YES;
			};
			name = Release;
		};
		D068A3B32DC5B02B00901CFA /* Debug */ = {
			isa = XCBuildConfiguration;
			buildSettings = {
				ASSETCATALOG_COMPILER_APPICON_NAME = AppIcon;
				ASSETCATALOG_COMPILER_GLOBAL_ACCENT_COLOR_NAME = AccentColor;
				CODE_SIGN_STYLE = Automatic;
				CURRENT_PROJECT_VERSION = 1;
				GENERATE_INFOPLIST_FILE = YES;
				INFOPLIST_FILE = ChillMovie/Info.plist;
				INFOPLIST_KEY_UIApplicationSupportsIndirectInputEvents = YES;
				INFOPLIST_KEY_UILaunchStoryboardName = LaunchScreen;
				INFOPLIST_KEY_UISupportedInterfaceOrientations_iPad = "UIInterfaceOrientationPortrait UIInterfaceOrientationPortraitUpsideDown UIInterfaceOrientationLandscapeLeft UIInterfaceOrientationLandscapeRight";
				INFOPLIST_KEY_UISupportedInterfaceOrientations_iPhone = "UIInterfaceOrientationPortrait UIInterfaceOrientationLandscapeLeft UIInterfaceOrientationLandscapeRight";
				LD_RUNPATH_SEARCH_PATHS = (
					"$(inherited)",
					"@executable_path/Frameworks",
				);
				MARKETING_VERSION = 1.0;
				PRODUCT_BUNDLE_IDENTIFIER = com.haiph.ChillMovie;
				PRODUCT_NAME = "$(TARGET_NAME)";
				SWIFT_EMIT_LOC_STRINGS = YES;
				SWIFT_VERSION = 5.0;
				TARGETED_DEVICE_FAMILY = "1,2";
			};
			name = Debug;
		};
		D068A3B42DC5B02B00901CFA /* Release */ = {
			isa = XCBuildConfiguration;
			buildSettings = {
				ASSETCATALOG_COMPILER_APPICON_NAME = AppIcon;
				ASSETCATALOG_COMPILER_GLOBAL_ACCENT_COLOR_NAME = AccentColor;
				CODE_SIGN_STYLE = Automatic;
				CURRENT_PROJECT_VERSION = 1;
				GENERATE_INFOPLIST_FILE = YES;
				INFOPLIST_FILE = ChillMovie/Info.plist;
				INFOPLIST_KEY_UIApplicationSupportsIndirectInputEvents = YES;
				INFOPLIST_KEY_UILaunchStoryboardName = LaunchScreen;
				INFOPLIST_KEY_UISupportedInterfaceOrientations_iPad = "UIInterfaceOrientationPortrait UIInterfaceOrientationPortraitUpsideDown UIInterfaceOrientationLandscapeLeft UIInterfaceOrientationLandscapeRight";
				INFOPLIST_KEY_UISupportedInterfaceOrientations_iPhone = "UIInterfaceOrientationPortrait UIInterfaceOrientationLandscapeLeft UIInterfaceOrientationLandscapeRight";
				LD_RUNPATH_SEARCH_PATHS = (
					"$(inherited)",
					"@executable_path/Frameworks",
				);
				MARKETING_VERSION = 1.0;
				PRODUCT_BUNDLE_IDENTIFIER = com.haiph.ChillMovie;
				PRODUCT_NAME = "$(TARGET_NAME)";
				SWIFT_EMIT_LOC_STRINGS = YES;
				SWIFT_VERSION = 5.0;
				TARGETED_DEVICE_FAMILY = "1,2";
			};
			name = Release;
		};
/* End XCBuildConfiguration section */

/* Begin XCConfigurationList section */
		D068A3992DC5B02A00901CFA /* Build configuration list for PBXProject "ChillMovie" */ = {
			isa = XCConfigurationList;
			buildConfigurations = (
				D068A3B02DC5B02B00901CFA /* Debug */,
				D068A3B12DC5B02B00901CFA /* Release */,
			);
			defaultConfigurationIsVisible = 0;
			defaultConfigurationName = Release;
		};
		D068A3B22DC5B02B00901CFA /* Build configuration list for PBXNativeTarget "ChillMovie" */ = {
			isa = XCConfigurationList;
			buildConfigurations = (
				D068A3B32DC5B02B00901CFA /* Debug */,
				D068A3B42DC5B02B00901CFA /* Release */,
			);
			defaultConfigurationIsVisible = 0;
			defaultConfigurationName = Release;
		};
/* End XCConfigurationList section */

/* Begin XCRemoteSwiftPackageReference section */
		D08B2DB22DC659D300490206 /* XCRemoteSwiftPackageReference "Alamofire" */ = {
			isa = XCRemoteSwiftPackageReference;
			repositoryURL = "https://github.com/Alamofire/Alamofire";
			requirement = {
				kind = upToNextMajorVersion;
				minimumVersion = 5.10.2;
			};
		};
/* End XCRemoteSwiftPackageReference section */

/* Begin XCSwiftPackageProductDependency section */
		D08B2DB32DC659D300490206 /* Alamofire */ = {
			isa = XCSwiftPackageProductDependency;
			package = D08B2DB22DC659D300490206 /* XCRemoteSwiftPackageReference "Alamofire" */;
			productName = Alamofire;
		};
/* End XCSwiftPackageProductDependency section */
	};
	rootObject = D068A3962DC5B02A00901CFA /* Project object */;
}
